// !$*UTF8*$!
{
	archiveVersion = 1;
	classes = {
	};
	objectVersion = 50;
	objects = {

/* Begin PBXBuildFile section */
		3BAFC2C92623A0EB0056EC58 /* movieAPPApp.swift in Sources */ = {isa = PBXBuildFile; fileRef = 3BAFC2B62623A0E50056EC58 /* movieAPPApp.swift */; };
		3BAFC2CA2623A0EB0056EC58 /* movieAPPApp.swift in Sources */ = {isa = PBXBuildFile; fileRef = 3BAFC2B62623A0E50056EC58 /* movieAPPApp.swift */; };
		3BAFC2CB2623A0EB0056EC58 /* ContentView.swift in Sources */ = {isa = PBXBuildFile; fileRef = 3BAFC2B72623A0E50056EC58 /* ContentView.swift */; };
		3BAFC2CC2623A0EB0056EC58 /* ContentView.swift in Sources */ = {isa = PBXBuildFile; fileRef = 3BAFC2B72623A0E50056EC58 /* ContentView.swift */; };
		3BAFC2CD2623A0EB0056EC58 /* Assets.xcassets in Resources */ = {isa = PBXBuildFile; fileRef = 3BAFC2B82623A0EB0056EC58 /* Assets.xcassets */; };
		3BAFC2CE2623A0EB0056EC58 /* Assets.xcassets in Resources */ = {isa = PBXBuildFile; fileRef = 3BAFC2B82623A0EB0056EC58 /* Assets.xcassets */; };
/* End PBXBuildFile section */

/* Begin PBXFileReference section */
		3BAFC2B62623A0E50056EC58 /* movieAPPApp.swift */ = {isa = PBXFileReference; lastKnownFileType = sourcecode.swift; path = movieAPPApp.swift; sourceTree = "<group>"; };
		3BAFC2B72623A0E50056EC58 /* ContentView.swift */ = {isa = PBXFileReference; lastKnownFileType = sourcecode.swift; path = ContentView.swift; sourceTree = "<group>"; };
		3BAFC2B82623A0EB0056EC58 /* Assets.xcassets */ = {isa = PBXFileReference; lastKnownFileType = folder.assetcatalog; path = Assets.xcassets; sourceTree = "<group>"; };
		3BAFC2BD2623A0EB0056EC58 /* movieAPP.app */ = {isa = PBXFileReference; explicitFileType = wrapper.application; includeInIndex = 0; path = movieAPP.app; sourceTree = BUILT_PRODUCTS_DIR; };
		3BAFC2C02623A0EB0056EC58 /* Info.plist */ = {isa = PBXFileReference; lastKnownFileType = text.plist.xml; path = Info.plist; sourceTree = "<group>"; };
		3BAFC2C52623A0EB0056EC58 /* movieAPP.app */ = {isa = PBXFileReference; explicitFileType = wrapper.application; includeInIndex = 0; path = movieAPP.app; sourceTree = BUILT_PRODUCTS_DIR; };
		3BAFC2C72623A0EB0056EC58 /* Info.plist */ = {isa = PBXFileReference; lastKnownFileType = text.plist.xml; path = Info.plist; sourceTree = "<group>"; };
		3BAFC2C82623A0EB0056EC58 /* macOS.entitlements */ = {isa = PBXFileReference; lastKnownFileType = text.plist.entitlements; path = macOS.entitlements; sourceTree = "<group>"; };
/* End PBXFileReference section */

/* Begin PBXFrameworksBuildPhase section */
		3BAFC2BA2623A0EB0056EC58 /* Frameworks */ = {
			isa = PBXFrameworksBuildPhase;
			buildActionMask = 2147483647;
			files = (
			);
			runOnlyForDeploymentPostprocessing = 0;
		};
		3BAFC2C22623A0EB0056EC58 /* Frameworks */ = {
			isa = PBXFrameworksBuildPhase;
			buildActionMask = 2147483647;
			files = (
			);
			runOnlyForDeploymentPostprocessing = 0;
		};
/* End PBXFrameworksBuildPhase section */

/* Begin PBXGroup section */
		3BAFC2B02623A0E40056EC58 = {
			isa = PBXGroup;
			children = (
				3BAFC2B52623A0E50056EC58 /* Shared */,
				3BAFC2BF2623A0EB0056EC58 /* iOS */,
				3BAFC2C62623A0EB0056EC58 /* macOS */,
				3BAFC2BE2623A0EB0056EC58 /* Products */,
			);
			sourceTree = "<group>";
		};
		3BAFC2B52623A0E50056EC58 /* Shared */ = {
			isa = PBXGroup;
			children = (
				3BAFC2B62623A0E50056EC58 /* movieAPPApp.swift */,
				3BAFC2B72623A0E50056EC58 /* ContentView.swift */,
				3BAFC2B82623A0EB0056EC58 /* Assets.xcassets */,
			);
			path = Shared;
			sourceTree = "<group>";
		};
		3BAFC2BE2623A0EB0056EC58 /* Products */ = {
			isa = PBXGroup;
			children = (
				3BAFC2BD2623A0EB0056EC58 /* movieAPP.app */,
				3BAFC2C52623A0EB0056EC58 /* movieAPP.app */,
			);
			name = Products;
			sourceTree = "<group>";
		};
		3BAFC2BF2623A0EB0056EC58 /* iOS */ = {
			isa = PBXGroup;
			children = (
				3BAFC2C02623A0EB0056EC58 /* Info.plist */,
			);
			path = iOS;
			sourceTree = "<group>";
		};
		3BAFC2C62623A0EB0056EC58 /* macOS */ = {
			isa = PBXGroup;
			children = (
				3BAFC2C72623A0EB0056EC58 /* Info.plist */,
				3BAFC2C82623A0EB0056EC58 /* macOS.entitlements */,
			);
			path = macOS;
			sourceTree = "<group>";
		};
/* End PBXGroup section */

/* Begin PBXNativeTarget section */
		3BAFC2BC2623A0EB0056EC58 /* movieAPP (iOS) */ = {
			isa = PBXNativeTarget;
			buildConfigurationList = 3BAFC2D12623A0EB0056EC58 /* Build configuration list for PBXNativeTarget "movieAPP (iOS)" */;
			buildPhases = (
				3BAFC2B92623A0EB0056EC58 /* Sources */,
				3BAFC2BA2623A0EB0056EC58 /* Frameworks */,
				3BAFC2BB2623A0EB0056EC58 /* Resources */,
			);
			buildRules = (
			);
			dependencies = (
			);
			name = "movieAPP (iOS)";
			productName = "movieAPP (iOS)";
			productReference = 3BAFC2BD2623A0EB0056EC58 /* movieAPP.app */;
			productType = "com.apple.product-type.application";
		};
		3BAFC2C42623A0EB0056EC58 /* movieAPP (macOS) */ = {
			isa = PBXNativeTarget;
			buildConfigurationList = 3BAFC2D42623A0EB0056EC58 /* Build configuration list for PBXNativeTarget "movieAPP (macOS)" */;
			buildPhases = (
				3BAFC2C12623A0EB0056EC58 /* Sources */,
				3BAFC2C22623A0EB0056EC58 /* Frameworks */,
				3BAFC2C32623A0EB0056EC58 /* Resources */,
			);
			buildRules = (
			);
			dependencies = (
			);
			name = "movieAPP (macOS)";
			productName = "movieAPP (macOS)";
			productReference = 3BAFC2C52623A0EB0056EC58 /* movieAPP.app */;
			productType = "com.apple.product-type.application";
		};
/* End PBXNativeTarget section */

/* Begin PBXProject section */
		3BAFC2B12623A0E40056EC58 /* Project object */ = {
			isa = PBXProject;
			attributes = {
				LastSwiftUpdateCheck = 1240;
				LastUpgradeCheck = 1240;
				TargetAttributes = {
					3BAFC2BC2623A0EB0056EC58 = {
						CreatedOnToolsVersion = 12.4;
					};
					3BAFC2C42623A0EB0056EC58 = {
						CreatedOnToolsVersion = 12.4;
					};
				};
			};
			buildConfigurationList = 3BAFC2B42623A0E40056EC58 /* Build configuration list for PBXProject "movieAPP" */;
			compatibilityVersion = "Xcode 9.3";
			developmentRegion = en;
			hasScannedForEncodings = 0;
			knownRegions = (
				en,
				Base,
			);
			mainGroup = 3BAFC2B02623A0E40056EC58;
			productRefGroup = 3BAFC2BE2623A0EB0056EC58 /* Products */;
			projectDirPath = "";
			projectRoot = "";
			targets = (
				3BAFC2BC2623A0EB0056EC58 /* movieAPP (iOS) */,
				3BAFC2C42623A0EB0056EC58 /* movieAPP (macOS) */,
			);
		};
/* End PBXProject section */

/* Begin PBXResourcesBuildPhase section */
		3BAFC2BB2623A0EB0056EC58 /* Resources */ = {
			isa = PBXResourcesBuildPhase;
			buildActionMask = 2147483647;
			files = (
				3BAFC2CD2623A0EB0056EC58 /* Assets.xcassets in Resources */,
			);
			runOnlyForDeploymentPostprocessing = 0;
		};
		3BAFC2C32623A0EB0056EC58 /* Resources */ = {
			isa = PBXResourcesBuildPhase;
			buildActionMask = 2147483647;
			files = (
				3BAFC2CE2623A0EB0056EC58 /* Assets.xcassets in Resources */,
			);
			runOnlyForDeploymentPostprocessing = 0;
		};
/* End PBXResourcesBuildPhase section */

/* Begin PBXSourcesBuildPhase section */
		3BAFC2B92623A0EB0056EC58 /* Sources */ = {
			isa = PBXSourcesBuildPhase;
			buildActionMask = 2147483647;
			files = (
				3BAFC2CB2623A0EB0056EC58 /* ContentView.swift in Sources */,
				3BAFC2C92623A0EB0056EC58 /* movieAPPApp.swift in Sources */,
			);
			runOnlyForDeploymentPostprocessing = 0;
		};
		3BAFC2C12623A0EB0056EC58 /* Sources */ = {
			isa = PBXSourcesBuildPhase;
			buildActionMask = 2147483647;
			files = (
				3BAFC2CC2623A0EB0056EC58 /* ContentView.swift in Sources */,
				3BAFC2CA2623A0EB0056EC58 /* movieAPPApp.swift in Sources */,
			);
			runOnlyForDeploymentPostprocessing = 0;
		};
/* End PBXSourcesBuildPhase section */

/* Begin XCBuildConfiguration section */
		3BAFC2CF2623A0EB0056EC58 /* Debug */ = {
			isa = XCBuildConfiguration;
			buildSettings = {
				ALWAYS_SEARCH_USER_PATHS = NO;
				CLANG_ANALYZER_NONNULL = YES;
				CLANG_ANALYZER_NUMBER_OBJECT_CONVERSION = YES_AGGRESSIVE;
				CLANG_CXX_LANGUAGE_STANDARD = "gnu++14";
				CLANG_CXX_LIBRARY = "libc++";
				CLANG_ENABLE_MODULES = YES;
				CLANG_ENABLE_OBJC_ARC = YES;
				CLANG_ENABLE_OBJC_WEAK = YES;
				CLANG_WARN_BLOCK_CAPTURE_AUTORELEASING = YES;
				CLANG_WARN_BOOL_CONVERSION = YES;
				CLANG_WARN_COMMA = YES;
				CLANG_WARN_CONSTANT_CONVERSION = YES;
				CLANG_WARN_DEPRECATED_OBJC_IMPLEMENTATIONS = YES;
				CLANG_WARN_DIRECT_OBJC_ISA_USAGE = YES_ERROR;
				CLANG_WARN_DOCUMENTATION_COMMENTS = YES;
				CLANG_WARN_EMPTY_BODY = YES;
				CLANG_WARN_ENUM_CONVERSION = YES;
				CLANG_WARN_INFINITE_RECURSION = YES;
				CLANG_WARN_INT_CONVERSION = YES;
				CLANG_WARN_NON_LITERAL_NULL_CONVERSION = YES;
				CLANG_WARN_OBJC_IMPLICIT_RETAIN_SELF = YES;
				CLANG_WARN_OBJC_LITERAL_CONVERSION = YES;
				CLANG_WARN_OBJC_ROOT_CLASS = YES_ERROR;
				CLANG_WARN_QUOTED_INCLUDE_IN_FRAMEWORK_HEADER = YES;
				CLANG_WARN_RANGE_LOOP_ANALYSIS = YES;
				CLANG_WARN_STRICT_PROTOTYPES = YES;
				CLANG_WARN_SUSPICIOUS_MOVE = YES;
				CLANG_WARN_UNGUARDED_AVAILABILITY = YES_AGGRESSIVE;
				CLANG_WARN_UNREACHABLE_CODE = YES;
				CLANG_WARN__DUPLICATE_METHOD_MATCH = YES;
				COPY_PHASE_STRIP = NO;
				DEBUG_INFORMATION_FORMAT = dwarf;
				ENABLE_STRICT_OBJC_MSGSEND = YES;
				ENABLE_TESTABILITY = YES;
				GCC_C_LANGUAGE_STANDARD = gnu11;
				GCC_DYNAMIC_NO_PIC = NO;
				GCC_NO_COMMON_BLOCKS = YES;
				GCC_OPTIMIZATION_LEVEL = 0;
				GCC_PREPROCESSOR_DEFINITIONS = (
					"DEBUG=1",
					"$(inherited)",
				);
				GCC_WARN_64_TO_32_BIT_CONVERSION = YES;
				GCC_WARN_ABOUT_RETURN_TYPE = YES_ERROR;
				GCC_WARN_UNDECLARED_SELECTOR = YES;
				GCC_WARN_UNINITIALIZED_AUTOS = YES_AGGRESSIVE;
				GCC_WARN_UNUSED_FUNCTION = YES;
				GCC_WARN_UNUSED_VARIABLE = YES;
				MTL_ENABLE_DEBUG_INFO = INCLUDE_SOURCE;
				MTL_FAST_MATH = YES;
				ONLY_ACTIVE_ARCH = YES;
				SWIFT_ACTIVE_COMPILATION_CONDITIONS = DEBUG;
				SWIFT_OPTIMIZATION_LEVEL = "-Onone";
			};
			name = Debug;
		};
		3BAFC2D02623A0EB0056EC58 /* Release */ = {
			isa = XCBuildConfiguration;
			buildSettings = {
				ALWAYS_SEARCH_USER_PATHS = NO;
				CLANG_ANALYZER_NONNULL = YES;
				CLANG_ANALYZER_NUMBER_OBJECT_CONVERSION = YES_AGGRESSIVE;
				CLANG_CXX_LANGUAGE_STANDARD = "gnu++14";
				CLANG_CXX_LIBRARY = "libc++";
				CLANG_ENABLE_MODULES = YES;
				CLANG_ENABLE_OBJC_ARC = YES;
				CLANG_ENABLE_OBJC_WEAK = YES;
				CLANG_WARN_BLOCK_CAPTURE_AUTORELEASING = YES;
				CLANG_WARN_BOOL_CONVERSION = YES;
				CLANG_WARN_COMMA = YES;
				CLANG_WARN_CONSTANT_CONVERSION = YES;
				CLANG_WARN_DEPRECATED_OBJC_IMPLEMENTATIONS = YES;
				CLANG_WARN_DIRECT_OBJC_ISA_USAGE = YES_ERROR;
				CLANG_WARN_DOCUMENTATION_COMMENTS = YES;
				CLANG_WARN_EMPTY_BODY = YES;
				CLANG_WARN_ENUM_CONVERSION = YES;
				CLANG_WARN_INFINITE_RECURSION = YES;
				CLANG_WARN_INT_CONVERSION = YES;
				CLANG_WARN_NON_LITERAL_NULL_CONVERSION = YES;
				CLANG_WARN_OBJC_IMPLICIT_RETAIN_SELF = YES;
				CLANG_WARN_OBJC_LITERAL_CONVERSION = YES;
				CLANG_WARN_OBJC_ROOT_CLASS = YES_ERROR;
				CLANG_WARN_QUOTED_INCLUDE_IN_FRAMEWORK_HEADER = YES;
				CLANG_WARN_RANGE_LOOP_ANALYSIS = YES;
				CLANG_WARN_STRICT_PROTOTYPES = YES;
				CLANG_WARN_SUSPICIOUS_MOVE = YES;
				CLANG_WARN_UNGUARDED_AVAILABILITY = YES_AGGRESSIVE;
				CLANG_WARN_UNREACHABLE_CODE = YES;
				CLANG_WARN__DUPLICATE_METHOD_MATCH = YES;
				COPY_PHASE_STRIP = NO;
				DEBUG_INFORMATION_FORMAT = "dwarf-with-dsym";
				ENABLE_NS_ASSERTIONS = NO;
				ENABLE_STRICT_OBJC_MSGSEND = YES;
				GCC_C_LANGUAGE_STANDARD = gnu11;
				GCC_NO_COMMON_BLOCKS = YES;
				GCC_WARN_64_TO_32_BIT_CONVERSION = YES;
				GCC_WARN_ABOUT_RETURN_TYPE = YES_ERROR;
				GCC_WARN_UNDECLARED_SELECTOR = YES;
				GCC_WARN_UNINITIALIZED_AUTOS = YES_AGGRESSIVE;
				GCC_WARN_UNUSED_FUNCTION = YES;
				GCC_WARN_UNUSED_VARIABLE = YES;
				MTL_ENABLE_DEBUG_INFO = NO;
				MTL_FAST_MATH = YES;
				SWIFT_COMPILATION_MODE = wholemodule;
				SWIFT_OPTIMIZATION_LEVEL = "-O";
			};
			name = Release;
		};
		3BAFC2D22623A0EB0056EC58 /* Debug */ = {
			isa = XCBuildConfiguration;
			buildSettings = {
				ASSETCATALOG_COMPILER_APPICON_NAME = AppIcon;
				ASSETCATALOG_COMPILER_GLOBAL_ACCENT_COLOR_NAME = AccentColor;
				CODE_SIGN_STYLE = Automatic;
				DEVELOPMENT_TEAM = 37MKJ8D2CA;
				ENABLE_PREVIEWS = YES;
				INFOPLIST_FILE = iOS/Info.plist;
				IPHONEOS_DEPLOYMENT_TARGET = 14.0;
				LD_RUNPATH_SEARCH_PATHS = (
					"$(inherited)",
					"@executable_path/Frameworks",
				);
				PRODUCT_BUNDLE_IDENTIFIER = apple.movieAPP;
				PRODUCT_NAME = movieAPP;
				SDKROOT = iphoneos;
				SWIFT_VERSION = 5.0;
				TARGETED_DEVICE_FAMILY = "1,2";
			};
			name = Debug;
		};
		3BAFC2D32623A0EB0056EC58 /* Release */ = {
			isa = XCBuildConfiguration;
			buildSettings = {
				ASSETCATALOG_COMPILER_APPICON_NAME = AppIcon;
				ASSETCATALOG_COMPILER_GLOBAL_ACCENT_COLOR_NAME = AccentColor;
				CODE_SIGN_STYLE = Automatic;
				DEVELOPMENT_TEAM = 37MKJ8D2CA;
				ENABLE_PREVIEWS = YES;
				INFOPLIST_FILE = iOS/Info.plist;
				IPHONEOS_DEPLOYMENT_TARGET = 14.0;
				LD_RUNPATH_SEARCH_PATHS = (
					"$(inherited)",
					"@executable_path/Frameworks",
				);
				PRODUCT_BUNDLE_IDENTIFIER = apple.movieAPP;
				PRODUCT_NAME = movieAPP;
				SDKROOT = iphoneos;
				SWIFT_VERSION = 5.0;
				TARGETED_DEVICE_FAMILY = "1,2";
				VALIDATE_PRODUCT = YES;
			};
			name = Release;
		};
		3BAFC2D52623A0EB0056EC58 /* Debug */ = {
			isa = XCBuildConfiguration;
			buildSettings = {
				ASSETCATALOG_COMPILER_APPICON_NAME = AppIcon;
				ASSETCATALOG_COMPILER_GLOBAL_ACCENT_COLOR_NAME = AccentColor;
				CODE_SIGN_ENTITLEMENTS = macOS/macOS.entitlements;
				CODE_SIGN_STYLE = Automatic;
				COMBINE_HIDPI_IMAGES = YES;
				DEVELOPMENT_TEAM = 37MKJ8D2CA;
				ENABLE_HARDENED_RUNTIME = YES;
				ENABLE_PREVIEWS = YES;
				INFOPLIST_FILE = macOS/Info.plist;
				LD_RUNPATH_SEARCH_PATHS = (
					"$(inherited)",
					"@executable_path/../Frameworks",
				);
				MACOSX_DEPLOYMENT_TARGET = 11.0;
				PRODUCT_BUNDLE_IDENTIFIER = apple.movieAPP;
				PRODUCT_NAME = movieAPP;
				SDKROOT = macosx;
				SWIFT_VERSION = 5.0;
			};
			name = Debug;
		};
		3BAFC2D62623A0EB0056EC58 /* Release */ = {
			isa = XCBuildConfiguration;
			buildSettings = {
				ASSETCATALOG_COMPILER_APPICON_NAME = AppIcon;
				ASSETCATALOG_COMPILER_GLOBAL_ACCENT_COLOR_NAME = AccentColor;
				CODE_SIGN_ENTITLEMENTS = macOS/macOS.entitlements;
				CODE_SIGN_STYLE = Automatic;
				COMBINE_HIDPI_IMAGES = YES;
				DEVELOPMENT_TEAM = 37MKJ8D2CA;
				ENABLE_HARDENED_RUNTIME = YES;
				ENABLE_PREVIEWS = YES;
				INFOPLIST_FILE = macOS/Info.plist;
				LD_RUNPATH_SEARCH_PATHS = (
					"$(inherited)",
					"@executable_path/../Frameworks",
				);
				MACOSX_DEPLOYMENT_TARGET = 11.0;
				PRODUCT_BUNDLE_IDENTIFIER = apple.movieAPP;
				PRODUCT_NAME = movieAPP;
				SDKROOT = macosx;
				SWIFT_VERSION = 5.0;
			};
			name = Release;
		};
/* End XCBuildConfiguration section */

/* Begin XCConfigurationList section */
		3BAFC2B42623A0E40056EC58 /* Build configuration list for PBXProject "movieAPP" */ = {
			isa = XCConfigurationList;
			buildConfigurations = (
				3BAFC2CF2623A0EB0056EC58 /* Debug */,
				3BAFC2D02623A0EB0056EC58 /* Release */,
			);
			defaultConfigurationIsVisible = 0;
			defaultConfigurationName = Release;
		};
		3BAFC2D12623A0EB0056EC58 /* Build configuration list for PBXNativeTarget "movieAPP (iOS)" */ = {
			isa = XCConfigurationList;
			buildConfigurations = (
				3BAFC2D22623A0EB0056EC58 /* Debug */,
				3BAFC2D32623A0EB0056EC58 /* Release */,
			);
			defaultConfigurationIsVisible = 0;
			defaultConfigurationName = Release;
		};
		3BAFC2D42623A0EB0056EC58 /* Build configuration list for PBXNativeTarget "movieAPP (macOS)" */ = {
			isa = XCConfigurationList;
			buildConfigurations = (
				3BAFC2D52623A0EB0056EC58 /* Debug */,
				3BAFC2D62623A0EB0056EC58 /* Release */,
			);
			defaultConfigurationIsVisible = 0;
			defaultConfigurationName = Release;
		};
/* End XCConfigurationList section */
	};
	rootObject = 3BAFC2B12623A0E40056EC58 /* Project object */;
}
